
Microsoft Visual Studio Solution File, Format Version 12.00
# Visual Studio Version 17
VisualStudioVersion = 17.10.35122.118
MinimumVisualStudioVersion = 10.0.40219.1
Project("{9A19103F-16F7-4668-BE54-9A1E7A4F7556}") = "MainApplication", "SpellingBeeKiller\MainApplication.csproj", "{1B7CE884-CBBA-414C-B7A0-B243E8BE4D28}"
EndProject
Project("{FAE04EC0-301F-11D3-BF4B-00C04F79EFBC}") = "DomainModels", "DomainModels\DomainModels.csproj", "{5515E3EC-6B64-4099-B8E6-068F16EA5336}"
EndProject
Global
	GlobalSection(SolutionConfigurationPlatforms) = preSolution
		Debug|Any CPU = Debug|Any CPU
		Release|Any CPU = Release|Any CPU
	EndGlobalSection
	GlobalSection(ProjectConfigurationPlatforms) = postSolution
		{1B7CE884-CBBA-414C-B7A0-B243E8BE4D28}.Debug|Any CPU.ActiveCfg = Debug|Any CPU
		{1B7CE884-CBBA-414C-B7A0-B243E8BE4D28}.Debug|Any CPU.Build.0 = Debug|Any CPU
		{1B7CE884-CBBA-414C-B7A0-B243E8BE4D28}.Release|Any CPU.ActiveCfg = Release|Any CPU
		{1B7CE884-CBBA-414C-B7A0-B243E8BE4D28}.Release|Any CPU.Build.0 = Release|Any CPU
		{5515E3EC-6B64-4099-B8E6-068F16EA5336}.Debug|Any CPU.ActiveCfg = Debug|Any CPU
		{5515E3EC-6B64-4099-B8E6-068F16EA5336}.Debug|Any CPU.Build.0 = Debug|Any CPU
		{5515E3EC-6B64-4099-B8E6-068F16EA5336}.Release|Any CPU.ActiveCfg = Release|Any CPU
		{5515E3EC-6B64-4099-B8E6-068F16EA5336}.Release|Any CPU.Build.0 = Release|Any CPU
	EndGlobalSection
	GlobalSection(SolutionProperties) = preSolution
		HideSolutionNode = FALSE
	EndGlobalSection
	GlobalSection(ExtensibilityGlobals) = postSolution
		SolutionGuid = {8A7B647A-CD4D-4AC8-AAA0-5AFA0C29FAB5}
	EndGlobalSection
EndGlobal
